// !$*UTF8*$!
{
	archiveVersion = 1;
	classes = {
	};
	objectVersion = 55;
	objects = {

/* Begin PBXBuildFile section */
		7281458528677F7F0044FF26 /* testwords2.json in Resources */ = {isa = PBXBuildFile; fileRef = 7281458428677F7F0044FF26 /* testwords2.json */; };
		72BF26012866EAAE00F2FB3A /* AppDelegate.swift in Sources */ = {isa = PBXBuildFile; fileRef = 72BF26002866EAAE00F2FB3A /* AppDelegate.swift */; };
		72BF26032866EAAE00F2FB3A /* SceneDelegate.swift in Sources */ = {isa = PBXBuildFile; fileRef = 72BF26022866EAAE00F2FB3A /* SceneDelegate.swift */; };
		72BF26052866EAAE00F2FB3A /* GameViewController.swift in Sources */ = {isa = PBXBuildFile; fileRef = 72BF26042866EAAE00F2FB3A /* GameViewController.swift */; };
		72BF26082866EAAE00F2FB3A /* Main.storyboard in Resources */ = {isa = PBXBuildFile; fileRef = 72BF26062866EAAE00F2FB3A /* Main.storyboard */; };
		72BF260A2866EAB000F2FB3A /* Assets.xcassets in Resources */ = {isa = PBXBuildFile; fileRef = 72BF26092866EAB000F2FB3A /* Assets.xcassets */; };
		72BF260D2866EAB000F2FB3A /* LaunchScreen.storyboard in Resources */ = {isa = PBXBuildFile; fileRef = 72BF260B2866EAB000F2FB3A /* LaunchScreen.storyboard */; };
		72BF26182866EAB000F2FB3A /* BabbelGameTests.swift in Sources */ = {isa = PBXBuildFile; fileRef = 72BF26172866EAB000F2FB3A /* BabbelGameTests.swift */; };
		72BF26222866EAB000F2FB3A /* BabbelGameUITests.swift in Sources */ = {isa = PBXBuildFile; fileRef = 72BF26212866EAB000F2FB3A /* BabbelGameUITests.swift */; };
		72BF26242866EAB000F2FB3A /* BabbelGameUITestsLaunchTests.swift in Sources */ = {isa = PBXBuildFile; fileRef = 72BF26232866EAB000F2FB3A /* BabbelGameUITestsLaunchTests.swift */; };
		72BF26322866ECA200F2FB3A /* words.json in Resources */ = {isa = PBXBuildFile; fileRef = 72BF26312866ECA200F2FB3A /* words.json */; };
		72BF26342866ED4000F2FB3A /* Word.swift in Sources */ = {isa = PBXBuildFile; fileRef = 72BF26332866ED4000F2FB3A /* Word.swift */; };
		72BF26362866EE6700F2FB3A /* WordDataSource.swift in Sources */ = {isa = PBXBuildFile; fileRef = 72BF26352866EE6700F2FB3A /* WordDataSource.swift */; };
		72BF26392866F1D600F2FB3A /* testwords.json in Resources */ = {isa = PBXBuildFile; fileRef = 72BF26382866F1D600F2FB3A /* testwords.json */; };
		72BF263D2866F46600F2FB3A /* testwordsfailed.json in Resources */ = {isa = PBXBuildFile; fileRef = 72BF263C2866F46600F2FB3A /* testwordsfailed.json */; };
		72BF263F2866F61600F2FB3A /* GameViewModel.swift in Sources */ = {isa = PBXBuildFile; fileRef = 72BF263E2866F61600F2FB3A /* GameViewModel.swift */; };
		72BF26412866F67400F2FB3A /* GameProtocol.swift in Sources */ = {isa = PBXBuildFile; fileRef = 72BF26402866F67400F2FB3A /* GameProtocol.swift */; };
		72BF26442866FB8B00F2FB3A /* MockGameViewController.swift in Sources */ = {isa = PBXBuildFile; fileRef = 72BF26432866FB8B00F2FB3A /* MockGameViewController.swift */; };
		72BF26462866FFB900F2FB3A /* QuestionResult.swift in Sources */ = {isa = PBXBuildFile; fileRef = 72BF26452866FFB900F2FB3A /* QuestionResult.swift */; };
/* End PBXBuildFile section */

/* Begin PBXContainerItemProxy section */
		72BF26142866EAB000F2FB3A /* PBXContainerItemProxy */ = {
			isa = PBXContainerItemProxy;
			containerPortal = 72BF25F52866EAAE00F2FB3A /* Project object */;
			proxyType = 1;
			remoteGlobalIDString = 72BF25FC2866EAAE00F2FB3A;
			remoteInfo = BabbelGame;
		};
		72BF261E2866EAB000F2FB3A /* PBXContainerItemProxy */ = {
			isa = PBXContainerItemProxy;
			containerPortal = 72BF25F52866EAAE00F2FB3A /* Project object */;
			proxyType = 1;
			remoteGlobalIDString = 72BF25FC2866EAAE00F2FB3A;
			remoteInfo = BabbelGame;
		};
/* End PBXContainerItemProxy section */

/* Begin PBXFileReference section */
		7281458428677F7F0044FF26 /* testwords2.json */ = {isa = PBXFileReference; lastKnownFileType = text.json; path = testwords2.json; sourceTree = "<group>"; };
		72BF25FD2866EAAE00F2FB3A /* BabbelGame.app */ = {isa = PBXFileReference; explicitFileType = wrapper.application; includeInIndex = 0; path = BabbelGame.app; sourceTree = BUILT_PRODUCTS_DIR; };
		72BF26002866EAAE00F2FB3A /* AppDelegate.swift */ = {isa = PBXFileReference; lastKnownFileType = sourcecode.swift; path = AppDelegate.swift; sourceTree = "<group>"; };
		72BF26022866EAAE00F2FB3A /* SceneDelegate.swift */ = {isa = PBXFileReference; lastKnownFileType = sourcecode.swift; path = SceneDelegate.swift; sourceTree = "<group>"; };
		72BF26042866EAAE00F2FB3A /* GameViewController.swift */ = {isa = PBXFileReference; lastKnownFileType = sourcecode.swift; path = GameViewController.swift; sourceTree = "<group>"; };
		72BF26072866EAAE00F2FB3A /* Base */ = {isa = PBXFileReference; lastKnownFileType = file.storyboard; name = Base; path = Base.lproj/Main.storyboard; sourceTree = "<group>"; };
		72BF26092866EAB000F2FB3A /* Assets.xcassets */ = {isa = PBXFileReference; lastKnownFileType = folder.assetcatalog; path = Assets.xcassets; sourceTree = "<group>"; };
		72BF260C2866EAB000F2FB3A /* Base */ = {isa = PBXFileReference; lastKnownFileType = file.storyboard; name = Base; path = Base.lproj/LaunchScreen.storyboard; sourceTree = "<group>"; };
		72BF260E2866EAB000F2FB3A /* Info.plist */ = {isa = PBXFileReference; lastKnownFileType = text.plist.xml; path = Info.plist; sourceTree = "<group>"; };
		72BF26132866EAB000F2FB3A /* BabbelGameTests.xctest */ = {isa = PBXFileReference; explicitFileType = wrapper.cfbundle; includeInIndex = 0; path = BabbelGameTests.xctest; sourceTree = BUILT_PRODUCTS_DIR; };
		72BF26172866EAB000F2FB3A /* BabbelGameTests.swift */ = {isa = PBXFileReference; lastKnownFileType = sourcecode.swift; path = BabbelGameTests.swift; sourceTree = "<group>"; };
		72BF261D2866EAB000F2FB3A /* BabbelGameUITests.xctest */ = {isa = PBXFileReference; explicitFileType = wrapper.cfbundle; includeInIndex = 0; path = BabbelGameUITests.xctest; sourceTree = BUILT_PRODUCTS_DIR; };
		72BF26212866EAB000F2FB3A /* BabbelGameUITests.swift */ = {isa = PBXFileReference; lastKnownFileType = sourcecode.swift; path = BabbelGameUITests.swift; sourceTree = "<group>"; };
		72BF26232866EAB000F2FB3A /* BabbelGameUITestsLaunchTests.swift */ = {isa = PBXFileReference; lastKnownFileType = sourcecode.swift; path = BabbelGameUITestsLaunchTests.swift; sourceTree = "<group>"; };
		72BF26312866ECA200F2FB3A /* words.json */ = {isa = PBXFileReference; fileEncoding = 4; lastKnownFileType = text.json; path = words.json; sourceTree = "<group>"; };
		72BF26332866ED4000F2FB3A /* Word.swift */ = {isa = PBXFileReference; lastKnownFileType = sourcecode.swift; path = Word.swift; sourceTree = "<group>"; };
		72BF26352866EE6700F2FB3A /* WordDataSource.swift */ = {isa = PBXFileReference; lastKnownFileType = sourcecode.swift; path = WordDataSource.swift; sourceTree = "<group>"; };
		72BF26382866F1D600F2FB3A /* testwords.json */ = {isa = PBXFileReference; lastKnownFileType = text.json; path = testwords.json; sourceTree = "<group>"; };
		72BF263C2866F46600F2FB3A /* testwordsfailed.json */ = {isa = PBXFileReference; lastKnownFileType = text.json; path = testwordsfailed.json; sourceTree = "<group>"; };
		72BF263E2866F61600F2FB3A /* GameViewModel.swift */ = {isa = PBXFileReference; lastKnownFileType = sourcecode.swift; path = GameViewModel.swift; sourceTree = "<group>"; };
		72BF26402866F67400F2FB3A /* GameProtocol.swift */ = {isa = PBXFileReference; lastKnownFileType = sourcecode.swift; path = GameProtocol.swift; sourceTree = "<group>"; };
		72BF26432866FB8B00F2FB3A /* MockGameViewController.swift */ = {isa = PBXFileReference; lastKnownFileType = sourcecode.swift; path = MockGameViewController.swift; sourceTree = "<group>"; };
		72BF26452866FFB900F2FB3A /* QuestionResult.swift */ = {isa = PBXFileReference; lastKnownFileType = sourcecode.swift; path = QuestionResult.swift; sourceTree = "<group>"; };
/* End PBXFileReference section */

/* Begin PBXFrameworksBuildPhase section */
		72BF25FA2866EAAE00F2FB3A /* Frameworks */ = {
			isa = PBXFrameworksBuildPhase;
			buildActionMask = 2147483647;
			files = (
			);
			runOnlyForDeploymentPostprocessing = 0;
		};
		72BF26102866EAB000F2FB3A /* Frameworks */ = {
			isa = PBXFrameworksBuildPhase;
			buildActionMask = 2147483647;
			files = (
			);
			runOnlyForDeploymentPostprocessing = 0;
		};
		72BF261A2866EAB000F2FB3A /* Frameworks */ = {
			isa = PBXFrameworksBuildPhase;
			buildActionMask = 2147483647;
			files = (
			);
			runOnlyForDeploymentPostprocessing = 0;
		};
/* End PBXFrameworksBuildPhase section */

/* Begin PBXGroup section */
		72BF25F42866EAAE00F2FB3A = {
			isa = PBXGroup;
			children = (
				72BF25FF2866EAAE00F2FB3A /* BabbelGame */,
				72BF26162866EAB000F2FB3A /* BabbelGameTests */,
				72BF26202866EAB000F2FB3A /* BabbelGameUITests */,
				72BF25FE2866EAAE00F2FB3A /* Products */,
			);
			sourceTree = "<group>";
		};
		72BF25FE2866EAAE00F2FB3A /* Products */ = {
			isa = PBXGroup;
			children = (
				72BF25FD2866EAAE00F2FB3A /* BabbelGame.app */,
				72BF26132866EAB000F2FB3A /* BabbelGameTests.xctest */,
				72BF261D2866EAB000F2FB3A /* BabbelGameUITests.xctest */,
			);
			name = Products;
			sourceTree = "<group>";
		};
		72BF25FF2866EAAE00F2FB3A /* BabbelGame */ = {
			isa = PBXGroup;
			children = (
				72BF26302866EC8800F2FB3A /* dataset */,
				72BF26002866EAAE00F2FB3A /* AppDelegate.swift */,
				72BF26022866EAAE00F2FB3A /* SceneDelegate.swift */,
				72BF26042866EAAE00F2FB3A /* GameViewController.swift */,
				72BF26062866EAAE00F2FB3A /* Main.storyboard */,
				72BF26092866EAB000F2FB3A /* Assets.xcassets */,
				72BF260B2866EAB000F2FB3A /* LaunchScreen.storyboard */,
				72BF260E2866EAB000F2FB3A /* Info.plist */,
				72BF26332866ED4000F2FB3A /* Word.swift */,
				72BF26352866EE6700F2FB3A /* WordDataSource.swift */,
				72BF263E2866F61600F2FB3A /* GameViewModel.swift */,
				72BF26402866F67400F2FB3A /* GameProtocol.swift */,
				72BF26452866FFB900F2FB3A /* QuestionResult.swift */,
			);
			path = BabbelGame;
			sourceTree = "<group>";
		};
		72BF26162866EAB000F2FB3A /* BabbelGameTests */ = {
			isa = PBXGroup;
			children = (
				72BF26422866FB6C00F2FB3A /* Mock */,
				72BF26372866F1A800F2FB3A /* dataset */,
				72BF26172866EAB000F2FB3A /* BabbelGameTests.swift */,
			);
			path = BabbelGameTests;
			sourceTree = "<group>";
		};
		72BF26202866EAB000F2FB3A /* BabbelGameUITests */ = {
			isa = PBXGroup;
			children = (
				72BF26212866EAB000F2FB3A /* BabbelGameUITests.swift */,
				72BF26232866EAB000F2FB3A /* BabbelGameUITestsLaunchTests.swift */,
			);
			path = BabbelGameUITests;
			sourceTree = "<group>";
		};
		72BF26302866EC8800F2FB3A /* dataset */ = {
			isa = PBXGroup;
			children = (
				72BF26312866ECA200F2FB3A /* words.json */,
			);
			path = dataset;
			sourceTree = "<group>";
		};
		72BF26372866F1A800F2FB3A /* dataset */ = {
			isa = PBXGroup;
			children = (
				72BF26382866F1D600F2FB3A /* testwords.json */,
				72BF263C2866F46600F2FB3A /* testwordsfailed.json */,
				7281458428677F7F0044FF26 /* testwords2.json */,
			);
			path = dataset;
			sourceTree = "<group>";
		};
		72BF26422866FB6C00F2FB3A /* Mock */ = {
			isa = PBXGroup;
			children = (
				72BF26432866FB8B00F2FB3A /* MockGameViewController.swift */,
			);
			path = Mock;
			sourceTree = "<group>";
		};
/* End PBXGroup section */

/* Begin PBXNativeTarget section */
		72BF25FC2866EAAE00F2FB3A /* BabbelGame */ = {
			isa = PBXNativeTarget;
			buildConfigurationList = 72BF26272866EAB000F2FB3A /* Build configuration list for PBXNativeTarget "BabbelGame" */;
			buildPhases = (
				72BF25F92866EAAE00F2FB3A /* Sources */,
				72BF25FA2866EAAE00F2FB3A /* Frameworks */,
				72BF25FB2866EAAE00F2FB3A /* Resources */,
			);
			buildRules = (
			);
			dependencies = (
			);
			name = BabbelGame;
			productName = BabbelGame;
			productReference = 72BF25FD2866EAAE00F2FB3A /* BabbelGame.app */;
			productType = "com.apple.product-type.application";
		};
		72BF26122866EAB000F2FB3A /* BabbelGameTests */ = {
			isa = PBXNativeTarget;
			buildConfigurationList = 72BF262A2866EAB000F2FB3A /* Build configuration list for PBXNativeTarget "BabbelGameTests" */;
			buildPhases = (
				72BF260F2866EAB000F2FB3A /* Sources */,
				72BF26102866EAB000F2FB3A /* Frameworks */,
				72BF26112866EAB000F2FB3A /* Resources */,
			);
			buildRules = (
			);
			dependencies = (
				72BF26152866EAB000F2FB3A /* PBXTargetDependency */,
			);
			name = BabbelGameTests;
			productName = BabbelGameTests;
			productReference = 72BF26132866EAB000F2FB3A /* BabbelGameTests.xctest */;
			productType = "com.apple.product-type.bundle.unit-test";
		};
		72BF261C2866EAB000F2FB3A /* BabbelGameUITests */ = {
			isa = PBXNativeTarget;
			buildConfigurationList = 72BF262D2866EAB000F2FB3A /* Build configuration list for PBXNativeTarget "BabbelGameUITests" */;
			buildPhases = (
				72BF26192866EAB000F2FB3A /* Sources */,
				72BF261A2866EAB000F2FB3A /* Frameworks */,
				72BF261B2866EAB000F2FB3A /* Resources */,
			);
			buildRules = (
			);
			dependencies = (
				72BF261F2866EAB000F2FB3A /* PBXTargetDependency */,
			);
			name = BabbelGameUITests;
			productName = BabbelGameUITests;
			productReference = 72BF261D2866EAB000F2FB3A /* BabbelGameUITests.xctest */;
			productType = "com.apple.product-type.bundle.ui-testing";
		};
/* End PBXNativeTarget section */

/* Begin PBXProject section */
		72BF25F52866EAAE00F2FB3A /* Project object */ = {
			isa = PBXProject;
			attributes = {
				BuildIndependentTargetsInParallel = 1;
				LastSwiftUpdateCheck = 1320;
				LastUpgradeCheck = 1320;
				TargetAttributes = {
					72BF25FC2866EAAE00F2FB3A = {
						CreatedOnToolsVersion = 13.2.1;
					};
					72BF26122866EAB000F2FB3A = {
						CreatedOnToolsVersion = 13.2.1;
						TestTargetID = 72BF25FC2866EAAE00F2FB3A;
					};
					72BF261C2866EAB000F2FB3A = {
						CreatedOnToolsVersion = 13.2.1;
						TestTargetID = 72BF25FC2866EAAE00F2FB3A;
					};
				};
			};
			buildConfigurationList = 72BF25F82866EAAE00F2FB3A /* Build configuration list for PBXProject "BabbelGame" */;
			compatibilityVersion = "Xcode 13.0";
			developmentRegion = en;
			hasScannedForEncodings = 0;
			knownRegions = (
				en,
				Base,
			);
			mainGroup = 72BF25F42866EAAE00F2FB3A;
			productRefGroup = 72BF25FE2866EAAE00F2FB3A /* Products */;
			projectDirPath = "";
			projectRoot = "";
			targets = (
				72BF25FC2866EAAE00F2FB3A /* BabbelGame */,
				72BF26122866EAB000F2FB3A /* BabbelGameTests */,
				72BF261C2866EAB000F2FB3A /* BabbelGameUITests */,
			);
		};
/* End PBXProject section */

/* Begin PBXResourcesBuildPhase section */
		72BF25FB2866EAAE00F2FB3A /* Resources */ = {
			isa = PBXResourcesBuildPhase;
			buildActionMask = 2147483647;
			files = (
				72BF260D2866EAB000F2FB3A /* LaunchScreen.storyboard in Resources */,
				72BF26322866ECA200F2FB3A /* words.json in Resources */,
				72BF260A2866EAB000F2FB3A /* Assets.xcassets in Resources */,
				72BF26082866EAAE00F2FB3A /* Main.storyboard in Resources */,
			);
			runOnlyForDeploymentPostprocessing = 0;
		};
		72BF26112866EAB000F2FB3A /* Resources */ = {
			isa = PBXResourcesBuildPhase;
			buildActionMask = 2147483647;
			files = (
				7281458528677F7F0044FF26 /* testwords2.json in Resources */,
				72BF263D2866F46600F2FB3A /* testwordsfailed.json in Resources */,
				72BF26392866F1D600F2FB3A /* testwords.json in Resources */,
			);
			runOnlyForDeploymentPostprocessing = 0;
		};
		72BF261B2866EAB000F2FB3A /* Resources */ = {
			isa = PBXResourcesBuildPhase;
			buildActionMask = 2147483647;
			files = (
			);
			runOnlyForDeploymentPostprocessing = 0;
		};
/* End PBXResourcesBuildPhase section */

/* Begin PBXSourcesBuildPhase section */
		72BF25F92866EAAE00F2FB3A /* Sources */ = {
			isa = PBXSourcesBuildPhase;
			buildActionMask = 2147483647;
			files = (
				72BF263F2866F61600F2FB3A /* GameViewModel.swift in Sources */,
				72BF26052866EAAE00F2FB3A /* GameViewController.swift in Sources */,
				72BF26342866ED4000F2FB3A /* Word.swift in Sources */,
				72BF26362866EE6700F2FB3A /* WordDataSource.swift in Sources */,
				72BF26012866EAAE00F2FB3A /* AppDelegate.swift in Sources */,
				72BF26412866F67400F2FB3A /* GameProtocol.swift in Sources */,
				72BF26462866FFB900F2FB3A /* QuestionResult.swift in Sources */,
				72BF26032866EAAE00F2FB3A /* SceneDelegate.swift in Sources */,
			);
			runOnlyForDeploymentPostprocessing = 0;
		};
		72BF260F2866EAB000F2FB3A /* Sources */ = {
			isa = PBXSourcesBuildPhase;
			buildActionMask = 2147483647;
			files = (
				72BF26442866FB8B00F2FB3A /* MockGameViewController.swift in Sources */,
				72BF26182866EAB000F2FB3A /* BabbelGameTests.swift in Sources */,
			);
			runOnlyForDeploymentPostprocessing = 0;
		};
		72BF26192866EAB000F2FB3A /* Sources */ = {
			isa = PBXSourcesBuildPhase;
			buildActionMask = 2147483647;
			files = (
				72BF26242866EAB000F2FB3A /* BabbelGameUITestsLaunchTests.swift in Sources */,
				72BF26222866EAB000F2FB3A /* BabbelGameUITests.swift in Sources */,
			);
			runOnlyForDeploymentPostprocessing = 0;
		};
/* End PBXSourcesBuildPhase section */

/* Begin PBXTargetDependency section */
		72BF26152866EAB000F2FB3A /* PBXTargetDependency */ = {
			isa = PBXTargetDependency;
			target = 72BF25FC2866EAAE00F2FB3A /* BabbelGame */;
			targetProxy = 72BF26142866EAB000F2FB3A /* PBXContainerItemProxy */;
		};
		72BF261F2866EAB000F2FB3A /* PBXTargetDependency */ = {
			isa = PBXTargetDependency;
			target = 72BF25FC2866EAAE00F2FB3A /* BabbelGame */;
			targetProxy = 72BF261E2866EAB000F2FB3A /* PBXContainerItemProxy */;
		};
/* End PBXTargetDependency section */

/* Begin PBXVariantGroup section */
		72BF26062866EAAE00F2FB3A /* Main.storyboard */ = {
			isa = PBXVariantGroup;
			children = (
				72BF26072866EAAE00F2FB3A /* Base */,
			);
			name = Main.storyboard;
			sourceTree = "<group>";
		};
		72BF260B2866EAB000F2FB3A /* LaunchScreen.storyboard */ = {
			isa = PBXVariantGroup;
			children = (
				72BF260C2866EAB000F2FB3A /* Base */,
			);
			name = LaunchScreen.storyboard;
			sourceTree = "<group>";
		};
/* End PBXVariantGroup section */

/* Begin XCBuildConfiguration section */
		72BF26252866EAB000F2FB3A /* Debug */ = {
			isa = XCBuildConfiguration;
			buildSettings = {
				ALWAYS_SEARCH_USER_PATHS = NO;
				CLANG_ANALYZER_NONNULL = YES;
				CLANG_ANALYZER_NUMBER_OBJECT_CONVERSION = YES_AGGRESSIVE;
				CLANG_CXX_LANGUAGE_STANDARD = "gnu++17";
				CLANG_CXX_LIBRARY = "libc++";
				CLANG_ENABLE_MODULES = YES;
				CLANG_ENABLE_OBJC_ARC = YES;
				CLANG_ENABLE_OBJC_WEAK = YES;
				CLANG_WARN_BLOCK_CAPTURE_AUTORELEASING = YES;
				CLANG_WARN_BOOL_CONVERSION = YES;
				CLANG_WARN_COMMA = YES;
				CLANG_WARN_CONSTANT_CONVERSION = YES;
				CLANG_WARN_DEPRECATED_OBJC_IMPLEMENTATIONS = YES;
				CLANG_WARN_DIRECT_OBJC_ISA_USAGE = YES_ERROR;
				CLANG_WARN_DOCUMENTATION_COMMENTS = YES;
				CLANG_WARN_EMPTY_BODY = YES;
				CLANG_WARN_ENUM_CONVERSION = YES;
				CLANG_WARN_INFINITE_RECURSION = YES;
				CLANG_WARN_INT_CONVERSION = YES;
				CLANG_WARN_NON_LITERAL_NULL_CONVERSION = YES;
				CLANG_WARN_OBJC_IMPLICIT_RETAIN_SELF = YES;
				CLANG_WARN_OBJC_LITERAL_CONVERSION = YES;
				CLANG_WARN_OBJC_ROOT_CLASS = YES_ERROR;
				CLANG_WARN_QUOTED_INCLUDE_IN_FRAMEWORK_HEADER = YES;
				CLANG_WARN_RANGE_LOOP_ANALYSIS = YES;
				CLANG_WARN_STRICT_PROTOTYPES = YES;
				CLANG_WARN_SUSPICIOUS_MOVE = YES;
				CLANG_WARN_UNGUARDED_AVAILABILITY = YES_AGGRESSIVE;
				CLANG_WARN_UNREACHABLE_CODE = YES;
				CLANG_WARN__DUPLICATE_METHOD_MATCH = YES;
				COPY_PHASE_STRIP = NO;
				DEBUG_INFORMATION_FORMAT = dwarf;
				ENABLE_STRICT_OBJC_MSGSEND = YES;
				ENABLE_TESTABILITY = YES;
				GCC_C_LANGUAGE_STANDARD = gnu11;
				GCC_DYNAMIC_NO_PIC = NO;
				GCC_NO_COMMON_BLOCKS = YES;
				GCC_OPTIMIZATION_LEVEL = 0;
				GCC_PREPROCESSOR_DEFINITIONS = (
					"DEBUG=1",
					"$(inherited)",
				);
				GCC_WARN_64_TO_32_BIT_CONVERSION = YES;
				GCC_WARN_ABOUT_RETURN_TYPE = YES_ERROR;
				GCC_WARN_UNDECLARED_SELECTOR = YES;
				GCC_WARN_UNINITIALIZED_AUTOS = YES_AGGRESSIVE;
				GCC_WARN_UNUSED_FUNCTION = YES;
				GCC_WARN_UNUSED_VARIABLE = YES;
				IPHONEOS_DEPLOYMENT_TARGET = 15.2;
				MTL_ENABLE_DEBUG_INFO = INCLUDE_SOURCE;
				MTL_FAST_MATH = YES;
				ONLY_ACTIVE_ARCH = YES;
				SDKROOT = iphoneos;
				SWIFT_ACTIVE_COMPILATION_CONDITIONS = DEBUG;
				SWIFT_OPTIMIZATION_LEVEL = "-Onone";
			};
			name = Debug;
		};
		72BF26262866EAB000F2FB3A /* Release */ = {
			isa = XCBuildConfiguration;
			buildSettings = {
				ALWAYS_SEARCH_USER_PATHS = NO;
				CLANG_ANALYZER_NONNULL = YES;
				CLANG_ANALYZER_NUMBER_OBJECT_CONVERSION = YES_AGGRESSIVE;
				CLANG_CXX_LANGUAGE_STANDARD = "gnu++17";
				CLANG_CXX_LIBRARY = "libc++";
				CLANG_ENABLE_MODULES = YES;
				CLANG_ENABLE_OBJC_ARC = YES;
				CLANG_ENABLE_OBJC_WEAK = YES;
				CLANG_WARN_BLOCK_CAPTURE_AUTORELEASING = YES;
				CLANG_WARN_BOOL_CONVERSION = YES;
				CLANG_WARN_COMMA = YES;
				CLANG_WARN_CONSTANT_CONVERSION = YES;
				CLANG_WARN_DEPRECATED_OBJC_IMPLEMENTATIONS = YES;
				CLANG_WARN_DIRECT_OBJC_ISA_USAGE = YES_ERROR;
				CLANG_WARN_DOCUMENTATION_COMMENTS = YES;
				CLANG_WARN_EMPTY_BODY = YES;
				CLANG_WARN_ENUM_CONVERSION = YES;
				CLANG_WARN_INFINITE_RECURSION = YES;
				CLANG_WARN_INT_CONVERSION = YES;
				CLANG_WARN_NON_LITERAL_NULL_CONVERSION = YES;
				CLANG_WARN_OBJC_IMPLICIT_RETAIN_SELF = YES;
				CLANG_WARN_OBJC_LITERAL_CONVERSION = YES;
				CLANG_WARN_OBJC_ROOT_CLASS = YES_ERROR;
				CLANG_WARN_QUOTED_INCLUDE_IN_FRAMEWORK_HEADER = YES;
				CLANG_WARN_RANGE_LOOP_ANALYSIS = YES;
				CLANG_WARN_STRICT_PROTOTYPES = YES;
				CLANG_WARN_SUSPICIOUS_MOVE = YES;
				CLANG_WARN_UNGUARDED_AVAILABILITY = YES_AGGRESSIVE;
				CLANG_WARN_UNREACHABLE_CODE = YES;
				CLANG_WARN__DUPLICATE_METHOD_MATCH = YES;
				COPY_PHASE_STRIP = NO;
				DEBUG_INFORMATION_FORMAT = "dwarf-with-dsym";
				ENABLE_NS_ASSERTIONS = NO;
				ENABLE_STRICT_OBJC_MSGSEND = YES;
				GCC_C_LANGUAGE_STANDARD = gnu11;
				GCC_NO_COMMON_BLOCKS = YES;
				GCC_WARN_64_TO_32_BIT_CONVERSION = YES;
				GCC_WARN_ABOUT_RETURN_TYPE = YES_ERROR;
				GCC_WARN_UNDECLARED_SELECTOR = YES;
				GCC_WARN_UNINITIALIZED_AUTOS = YES_AGGRESSIVE;
				GCC_WARN_UNUSED_FUNCTION = YES;
				GCC_WARN_UNUSED_VARIABLE = YES;
				IPHONEOS_DEPLOYMENT_TARGET = 15.2;
				MTL_ENABLE_DEBUG_INFO = NO;
				MTL_FAST_MATH = YES;
				SDKROOT = iphoneos;
				SWIFT_COMPILATION_MODE = wholemodule;
				SWIFT_OPTIMIZATION_LEVEL = "-O";
				VALIDATE_PRODUCT = YES;
			};
			name = Release;
		};
		72BF26282866EAB000F2FB3A /* Debug */ = {
			isa = XCBuildConfiguration;
			buildSettings = {
				ASSETCATALOG_COMPILER_APPICON_NAME = AppIcon;
				ASSETCATALOG_COMPILER_GLOBAL_ACCENT_COLOR_NAME = AccentColor;
				CODE_SIGN_STYLE = Automatic;
				CURRENT_PROJECT_VERSION = 1;
				DEVELOPMENT_TEAM = 3673WZYU3N;
				GENERATE_INFOPLIST_FILE = YES;
				INFOPLIST_FILE = BabbelGame/Info.plist;
				INFOPLIST_KEY_UIApplicationSupportsIndirectInputEvents = YES;
				INFOPLIST_KEY_UILaunchStoryboardName = LaunchScreen;
				INFOPLIST_KEY_UIMainStoryboardFile = Main;
				INFOPLIST_KEY_UISupportedInterfaceOrientations_iPad = "UIInterfaceOrientationPortrait UIInterfaceOrientationPortraitUpsideDown UIInterfaceOrientationLandscapeLeft UIInterfaceOrientationLandscapeRight";
				INFOPLIST_KEY_UISupportedInterfaceOrientations_iPhone = "UIInterfaceOrientationPortrait UIInterfaceOrientationLandscapeLeft UIInterfaceOrientationLandscapeRight";
				IPHONEOS_DEPLOYMENT_TARGET = 15.0;
				LD_RUNPATH_SEARCH_PATHS = (
					"$(inherited)",
					"@executable_path/Frameworks",
				);
				MARKETING_VERSION = 1.0;
				PRODUCT_BUNDLE_IDENTIFIER = com.myCompany.BabbelGame;
				PRODUCT_NAME = "$(TARGET_NAME)";
				SWIFT_EMIT_LOC_STRINGS = YES;
				SWIFT_VERSION = 5.0;
				TARGETED_DEVICE_FAMILY = "1,2";
			};
			name = Debug;
		};
		72BF26292866EAB000F2FB3A /* Release */ = {
			isa = XCBuildConfiguration;
			buildSettings = {
				ASSETCATALOG_COMPILER_APPICON_NAME = AppIcon;
				ASSETCATALOG_COMPILER_GLOBAL_ACCENT_COLOR_NAME = AccentColor;
				CODE_SIGN_STYLE = Automatic;
				CURRENT_PROJECT_VERSION = 1;
				DEVELOPMENT_TEAM = 3673WZYU3N;
				GENERATE_INFOPLIST_FILE = YES;
				INFOPLIST_FILE = BabbelGame/Info.plist;
				INFOPLIST_KEY_UIApplicationSupportsIndirectInputEvents = YES;
				INFOPLIST_KEY_UILaunchStoryboardName = LaunchScreen;
				INFOPLIST_KEY_UIMainStoryboardFile = Main;
				INFOPLIST_KEY_UISupportedInterfaceOrientations_iPad = "UIInterfaceOrientationPortrait UIInterfaceOrientationPortraitUpsideDown UIInterfaceOrientationLandscapeLeft UIInterfaceOrientationLandscapeRight";
				INFOPLIST_KEY_UISupportedInterfaceOrientations_iPhone = "UIInterfaceOrientationPortrait UIInterfaceOrientationLandscapeLeft UIInterfaceOrientationLandscapeRight";
				IPHONEOS_DEPLOYMENT_TARGET = 15.0;
				LD_RUNPATH_SEARCH_PATHS = (
					"$(inherited)",
					"@executable_path/Frameworks",
				);
				MARKETING_VERSION = 1.0;
				PRODUCT_BUNDLE_IDENTIFIER = com.myCompany.BabbelGame;
				PRODUCT_NAME = "$(TARGET_NAME)";
				SWIFT_EMIT_LOC_STRINGS = YES;
				SWIFT_VERSION = 5.0;
				TARGETED_DEVICE_FAMILY = "1,2";
			};
			name = Release;
		};
		72BF262B2866EAB000F2FB3A /* Debug */ = {
			isa = XCBuildConfiguration;
			buildSettings = {
				ALWAYS_EMBED_SWIFT_STANDARD_LIBRARIES = YES;
				BUNDLE_LOADER = "$(TEST_HOST)";
				CODE_SIGN_STYLE = Automatic;
				CURRENT_PROJECT_VERSION = 1;
				DEVELOPMENT_TEAM = 3673WZYU3N;
				GENERATE_INFOPLIST_FILE = YES;
				IPHONEOS_DEPLOYMENT_TARGET = 15.2;
				MARKETING_VERSION = 1.0;
				PRODUCT_BUNDLE_IDENTIFIER = com.myCompany.BabbelGameTests;
				PRODUCT_NAME = "$(TARGET_NAME)";
				SWIFT_EMIT_LOC_STRINGS = NO;
				SWIFT_VERSION = 5.0;
				TARGETED_DEVICE_FAMILY = "1,2";
				TEST_HOST = "$(BUILT_PRODUCTS_DIR)/BabbelGame.app/BabbelGame";
			};
			name = Debug;
		};
		72BF262C2866EAB000F2FB3A /* Release */ = {
			isa = XCBuildConfiguration;
			buildSettings = {
				ALWAYS_EMBED_SWIFT_STANDARD_LIBRARIES = YES;
				BUNDLE_LOADER = "$(TEST_HOST)";
				CODE_SIGN_STYLE = Automatic;
				CURRENT_PROJECT_VERSION = 1;
				DEVELOPMENT_TEAM = 3673WZYU3N;
				GENERATE_INFOPLIST_FILE = YES;
				IPHONEOS_DEPLOYMENT_TARGET = 15.2;
				MARKETING_VERSION = 1.0;
				PRODUCT_BUNDLE_IDENTIFIER = com.myCompany.BabbelGameTests;
				PRODUCT_NAME = "$(TARGET_NAME)";
				SWIFT_EMIT_LOC_STRINGS = NO;
				SWIFT_VERSION = 5.0;
				TARGETED_DEVICE_FAMILY = "1,2";
				TEST_HOST = "$(BUILT_PRODUCTS_DIR)/BabbelGame.app/BabbelGame";
			};
			name = Release;
		};
		72BF262E2866EAB000F2FB3A /* Debug */ = {
			isa = XCBuildConfiguration;
			buildSettings = {
				ALWAYS_EMBED_SWIFT_STANDARD_LIBRARIES = YES;
				CODE_SIGN_STYLE = Automatic;
				CURRENT_PROJECT_VERSION = 1;
				DEVELOPMENT_TEAM = 3673WZYU3N;
				GENERATE_INFOPLIST_FILE = YES;
				MARKETING_VERSION = 1.0;
				PRODUCT_BUNDLE_IDENTIFIER = com.myCompany.BabbelGameUITests;
				PRODUCT_NAME = "$(TARGET_NAME)";
				SWIFT_EMIT_LOC_STRINGS = NO;
				SWIFT_VERSION = 5.0;
				TARGETED_DEVICE_FAMILY = "1,2";
				TEST_TARGET_NAME = BabbelGame;
			};
			name = Debug;
		};
		72BF262F2866EAB000F2FB3A /* Release */ = {
			isa = XCBuildConfiguration;
			buildSettings = {
				ALWAYS_EMBED_SWIFT_STANDARD_LIBRARIES = YES;
				CODE_SIGN_STYLE = Automatic;
				CURRENT_PROJECT_VERSION = 1;
				DEVELOPMENT_TEAM = 3673WZYU3N;
				GENERATE_INFOPLIST_FILE = YES;
				MARKETING_VERSION = 1.0;
				PRODUCT_BUNDLE_IDENTIFIER = com.myCompany.BabbelGameUITests;
				PRODUCT_NAME = "$(TARGET_NAME)";
				SWIFT_EMIT_LOC_STRINGS = NO;
				SWIFT_VERSION = 5.0;
				TARGETED_DEVICE_FAMILY = "1,2";
				TEST_TARGET_NAME = BabbelGame;
			};
			name = Release;
		};
/* End XCBuildConfiguration section */

/* Begin XCConfigurationList section */
		72BF25F82866EAAE00F2FB3A /* Build configuration list for PBXProject "BabbelGame" */ = {
			isa = XCConfigurationList;
			buildConfigurations = (
				72BF26252866EAB000F2FB3A /* Debug */,
				72BF26262866EAB000F2FB3A /* Release */,
			);
			defaultConfigurationIsVisible = 0;
			defaultConfigurationName = Release;
		};
		72BF26272866EAB000F2FB3A /* Build configuration list for PBXNativeTarget "BabbelGame" */ = {
			isa = XCConfigurationList;
			buildConfigurations = (
				72BF26282866EAB000F2FB3A /* Debug */,
				72BF26292866EAB000F2FB3A /* Release */,
			);
			defaultConfigurationIsVisible = 0;
			defaultConfigurationName = Release;
		};
		72BF262A2866EAB000F2FB3A /* Build configuration list for PBXNativeTarget "BabbelGameTests" */ = {
			isa = XCConfigurationList;
			buildConfigurations = (
				72BF262B2866EAB000F2FB3A /* Debug */,
				72BF262C2866EAB000F2FB3A /* Release */,
			);
			defaultConfigurationIsVisible = 0;
			defaultConfigurationName = Release;
		};
		72BF262D2866EAB000F2FB3A /* Build configuration list for PBXNativeTarget "BabbelGameUITests" */ = {
			isa = XCConfigurationList;
			buildConfigurations = (
				72BF262E2866EAB000F2FB3A /* Debug */,
				72BF262F2866EAB000F2FB3A /* Release */,
			);
			defaultConfigurationIsVisible = 0;
			defaultConfigurationName = Release;
		};
/* End XCConfigurationList section */
	};
	rootObject = 72BF25F52866EAAE00F2FB3A /* Project object */;
}
